
Microsoft Visual Studio Solution File, Format Version 12.00
# Visual Studio 14
VisualStudioVersion = 14.0.25420.1
MinimumVisualStudioVersion = 10.0.40219.1
Project("{FAE04EC0-301F-11D3-BF4B-00C04F79EFBC}") = "Sprint.SESAT.IDMSample.WebApi", "Sprint.SESAT.IDMSample.WebApi\Sprint.SESAT.IDMSample.WebApi.csproj", "{5804CD7A-E83D-4016-9B02-67382B436295}"
EndProject
Project("{FAE04EC0-301F-11D3-BF4B-00C04F79EFBC}") = "Sprint.SESAT.IDMSample.Client.Shared", "Sprint.SESAT.IDMSample.Client.Shared\Sprint.SESAT.IDMSample.Client.Shared.csproj", "{25B2D48E-08CA-4B43-B585-26ED01440436}"
EndProject
Project("{FAE04EC0-301F-11D3-BF4B-00C04F79EFBC}") = "Sprint.SESAT.IDMSample.Client.Windows", "Sprint.SESAT.IDMSample.Client.Windows\Sprint.SESAT.IDMSample.Client.Windows.csproj", "{C24614C1-82A6-46B9-8E8F-1E5F1FDCD95D}"
EndProject
Project("{FAE04EC0-301F-11D3-BF4B-00C04F79EFBC}") = "Sprint.SESAT.IDMSample.Client.Droid", "Sprint.SESAT.IDMSample.Client.Droid\Sprint.SESAT.IDMSample.Client.Droid.csproj", "{085E5F14-1293-4BEB-9A0B-6E7184FAFB63}"
EndProject
Project("{FAE04EC0-301F-11D3-BF4B-00C04F79EFBC}") = "Sprint.SESAT.IDMSample.Client.iOS", "Sprint.SESAT.IDMSample.Client.iOS\Sprint.SESAT.IDMSample.Client.iOS.csproj", "{EA805BCB-19B9-4F04-A233-F00A7D3356C1}"
EndProject
Global
	GlobalSection(SolutionConfigurationPlatforms) = preSolution
		Ad-Hoc|Any CPU = Ad-Hoc|Any CPU
		Ad-Hoc|ARM = Ad-Hoc|ARM
		Ad-Hoc|iPhone = Ad-Hoc|iPhone
		Ad-Hoc|iPhoneSimulator = Ad-Hoc|iPhoneSimulator
		Ad-Hoc|x64 = Ad-Hoc|x64
		Ad-Hoc|x86 = Ad-Hoc|x86
		AppStore|Any CPU = AppStore|Any CPU
		AppStore|ARM = AppStore|ARM
		AppStore|iPhone = AppStore|iPhone
		AppStore|iPhoneSimulator = AppStore|iPhoneSimulator
		AppStore|x64 = AppStore|x64
		AppStore|x86 = AppStore|x86
		Debug|Any CPU = Debug|Any CPU
		Debug|ARM = Debug|ARM
		Debug|iPhone = Debug|iPhone
		Debug|iPhoneSimulator = Debug|iPhoneSimulator
		Debug|x64 = Debug|x64
		Debug|x86 = Debug|x86
		Release|Any CPU = Release|Any CPU
		Release|ARM = Release|ARM
		Release|iPhone = Release|iPhone
		Release|iPhoneSimulator = Release|iPhoneSimulator
		Release|x64 = Release|x64
		Release|x86 = Release|x86
	EndGlobalSection
	GlobalSection(ProjectConfigurationPlatforms) = postSolution
		{5804CD7A-E83D-4016-9B02-67382B436295}.Ad-Hoc|Any CPU.ActiveCfg = Release|Any CPU
		{5804CD7A-E83D-4016-9B02-67382B436295}.Ad-Hoc|Any CPU.Build.0 = Release|Any CPU
		{5804CD7A-E83D-4016-9B02-67382B436295}.Ad-Hoc|ARM.ActiveCfg = Release|Any CPU
		{5804CD7A-E83D-4016-9B02-67382B436295}.Ad-Hoc|ARM.Build.0 = Release|Any CPU
		{5804CD7A-E83D-4016-9B02-67382B436295}.Ad-Hoc|iPhone.ActiveCfg = Release|Any CPU
		{5804CD7A-E83D-4016-9B02-67382B436295}.Ad-Hoc|iPhone.Build.0 = Release|Any CPU
		{5804CD7A-E83D-4016-9B02-67382B436295}.Ad-Hoc|iPhoneSimulator.ActiveCfg = Release|Any CPU
		{5804CD7A-E83D-4016-9B02-67382B436295}.Ad-Hoc|iPhoneSimulator.Build.0 = Release|Any CPU
		{5804CD7A-E83D-4016-9B02-67382B436295}.Ad-Hoc|x64.ActiveCfg = Release|Any CPU
		{5804CD7A-E83D-4016-9B02-67382B436295}.Ad-Hoc|x64.Build.0 = Release|Any CPU
		{5804CD7A-E83D-4016-9B02-67382B436295}.Ad-Hoc|x86.ActiveCfg = Release|Any CPU
		{5804CD7A-E83D-4016-9B02-67382B436295}.Ad-Hoc|x86.Build.0 = Release|Any CPU
		{5804CD7A-E83D-4016-9B02-67382B436295}.AppStore|Any CPU.ActiveCfg = Release|Any CPU
		{5804CD7A-E83D-4016-9B02-67382B436295}.AppStore|Any CPU.Build.0 = Release|Any CPU
		{5804CD7A-E83D-4016-9B02-67382B436295}.AppStore|ARM.ActiveCfg = Release|Any CPU
		{5804CD7A-E83D-4016-9B02-67382B436295}.AppStore|ARM.Build.0 = Release|Any CPU
		{5804CD7A-E83D-4016-9B02-67382B436295}.AppStore|iPhone.ActiveCfg = Release|Any CPU
		{5804CD7A-E83D-4016-9B02-67382B436295}.AppStore|iPhone.Build.0 = Release|Any CPU
		{5804CD7A-E83D-4016-9B02-67382B436295}.AppStore|iPhoneSimulator.ActiveCfg = Release|Any CPU
		{5804CD7A-E83D-4016-9B02-67382B436295}.AppStore|iPhoneSimulator.Build.0 = Release|Any CPU
		{5804CD7A-E83D-4016-9B02-67382B436295}.AppStore|x64.ActiveCfg = Release|Any CPU
		{5804CD7A-E83D-4016-9B02-67382B436295}.AppStore|x64.Build.0 = Release|Any CPU
		{5804CD7A-E83D-4016-9B02-67382B436295}.AppStore|x86.ActiveCfg = Release|Any CPU
		{5804CD7A-E83D-4016-9B02-67382B436295}.AppStore|x86.Build.0 = Release|Any CPU
		{5804CD7A-E83D-4016-9B02-67382B436295}.Debug|Any CPU.ActiveCfg = Debug|Any CPU
		{5804CD7A-E83D-4016-9B02-67382B436295}.Debug|ARM.ActiveCfg = Debug|Any CPU
		{5804CD7A-E83D-4016-9B02-67382B436295}.Debug|ARM.Build.0 = Debug|Any CPU
		{5804CD7A-E83D-4016-9B02-67382B436295}.Debug|iPhone.ActiveCfg = Debug|Any CPU
		{5804CD7A-E83D-4016-9B02-67382B436295}.Debug|iPhone.Build.0 = Debug|Any CPU
		{5804CD7A-E83D-4016-9B02-67382B436295}.Debug|iPhoneSimulator.ActiveCfg = Debug|Any CPU
		{5804CD7A-E83D-4016-9B02-67382B436295}.Debug|iPhoneSimulator.Build.0 = Debug|Any CPU
		{5804CD7A-E83D-4016-9B02-67382B436295}.Debug|x64.ActiveCfg = Debug|Any CPU
		{5804CD7A-E83D-4016-9B02-67382B436295}.Debug|x64.Build.0 = Debug|Any CPU
		{5804CD7A-E83D-4016-9B02-67382B436295}.Debug|x86.ActiveCfg = Debug|Any CPU
		{5804CD7A-E83D-4016-9B02-67382B436295}.Debug|x86.Build.0 = Debug|Any CPU
		{5804CD7A-E83D-4016-9B02-67382B436295}.Release|Any CPU.ActiveCfg = Release|Any CPU
		{5804CD7A-E83D-4016-9B02-67382B436295}.Release|Any CPU.Build.0 = Release|Any CPU
		{5804CD7A-E83D-4016-9B02-67382B436295}.Release|ARM.ActiveCfg = Release|Any CPU
		{5804CD7A-E83D-4016-9B02-67382B436295}.Release|ARM.Build.0 = Release|Any CPU
		{5804CD7A-E83D-4016-9B02-67382B436295}.Release|iPhone.ActiveCfg = Release|Any CPU
		{5804CD7A-E83D-4016-9B02-67382B436295}.Release|iPhone.Build.0 = Release|Any CPU
		{5804CD7A-E83D-4016-9B02-67382B436295}.Release|iPhoneSimulator.ActiveCfg = Release|Any CPU
		{5804CD7A-E83D-4016-9B02-67382B436295}.Release|iPhoneSimulator.Build.0 = Release|Any CPU
		{5804CD7A-E83D-4016-9B02-67382B436295}.Release|x64.ActiveCfg = Release|Any CPU
		{5804CD7A-E83D-4016-9B02-67382B436295}.Release|x64.Build.0 = Release|Any CPU
		{5804CD7A-E83D-4016-9B02-67382B436295}.Release|x86.ActiveCfg = Release|Any CPU
		{5804CD7A-E83D-4016-9B02-67382B436295}.Release|x86.Build.0 = Release|Any CPU
		{25B2D48E-08CA-4B43-B585-26ED01440436}.Ad-Hoc|Any CPU.ActiveCfg = Release|Any CPU
		{25B2D48E-08CA-4B43-B585-26ED01440436}.Ad-Hoc|Any CPU.Build.0 = Release|Any CPU
		{25B2D48E-08CA-4B43-B585-26ED01440436}.Ad-Hoc|ARM.ActiveCfg = Release|Any CPU
		{25B2D48E-08CA-4B43-B585-26ED01440436}.Ad-Hoc|ARM.Build.0 = Release|Any CPU
		{25B2D48E-08CA-4B43-B585-26ED01440436}.Ad-Hoc|iPhone.ActiveCfg = Release|Any CPU
		{25B2D48E-08CA-4B43-B585-26ED01440436}.Ad-Hoc|iPhone.Build.0 = Release|Any CPU
		{25B2D48E-08CA-4B43-B585-26ED01440436}.Ad-Hoc|iPhoneSimulator.ActiveCfg = Release|Any CPU
		{25B2D48E-08CA-4B43-B585-26ED01440436}.Ad-Hoc|iPhoneSimulator.Build.0 = Release|Any CPU
		{25B2D48E-08CA-4B43-B585-26ED01440436}.Ad-Hoc|x64.ActiveCfg = Release|Any CPU
		{25B2D48E-08CA-4B43-B585-26ED01440436}.Ad-Hoc|x64.Build.0 = Release|Any CPU
		{25B2D48E-08CA-4B43-B585-26ED01440436}.Ad-Hoc|x86.ActiveCfg = Release|Any CPU
		{25B2D48E-08CA-4B43-B585-26ED01440436}.Ad-Hoc|x86.Build.0 = Release|Any CPU
		{25B2D48E-08CA-4B43-B585-26ED01440436}.AppStore|Any CPU.ActiveCfg = Release|Any CPU
		{25B2D48E-08CA-4B43-B585-26ED01440436}.AppStore|Any CPU.Build.0 = Release|Any CPU
		{25B2D48E-08CA-4B43-B585-26ED01440436}.AppStore|ARM.ActiveCfg = Release|Any CPU
		{25B2D48E-08CA-4B43-B585-26ED01440436}.AppStore|ARM.Build.0 = Release|Any CPU
		{25B2D48E-08CA-4B43-B585-26ED01440436}.AppStore|iPhone.ActiveCfg = Release|Any CPU
		{25B2D48E-08CA-4B43-B585-26ED01440436}.AppStore|iPhone.Build.0 = Release|Any CPU
		{25B2D48E-08CA-4B43-B585-26ED01440436}.AppStore|iPhoneSimulator.ActiveCfg = Release|Any CPU
		{25B2D48E-08CA-4B43-B585-26ED01440436}.AppStore|iPhoneSimulator.Build.0 = Release|Any CPU
		{25B2D48E-08CA-4B43-B585-26ED01440436}.AppStore|x64.ActiveCfg = Release|Any CPU
		{25B2D48E-08CA-4B43-B585-26ED01440436}.AppStore|x64.Build.0 = Release|Any CPU
		{25B2D48E-08CA-4B43-B585-26ED01440436}.AppStore|x86.ActiveCfg = Release|Any CPU
		{25B2D48E-08CA-4B43-B585-26ED01440436}.AppStore|x86.Build.0 = Release|Any CPU
		{25B2D48E-08CA-4B43-B585-26ED01440436}.Debug|Any CPU.ActiveCfg = Debug|Any CPU
		{25B2D48E-08CA-4B43-B585-26ED01440436}.Debug|Any CPU.Build.0 = Debug|Any CPU
		{25B2D48E-08CA-4B43-B585-26ED01440436}.Debug|ARM.ActiveCfg = Debug|Any CPU
		{25B2D48E-08CA-4B43-B585-26ED01440436}.Debug|ARM.Build.0 = Debug|Any CPU
		{25B2D48E-08CA-4B43-B585-26ED01440436}.Debug|iPhone.ActiveCfg = Debug|Any CPU
		{25B2D48E-08CA-4B43-B585-26ED01440436}.Debug|iPhone.Build.0 = Debug|Any CPU
		{25B2D48E-08CA-4B43-B585-26ED01440436}.Debug|iPhoneSimulator.ActiveCfg = Debug|Any CPU
		{25B2D48E-08CA-4B43-B585-26ED01440436}.Debug|iPhoneSimulator.Build.0 = Debug|Any CPU
		{25B2D48E-08CA-4B43-B585-26ED01440436}.Debug|x64.ActiveCfg = Debug|Any CPU
		{25B2D48E-08CA-4B43-B585-26ED01440436}.Debug|x64.Build.0 = Debug|Any CPU
		{25B2D48E-08CA-4B43-B585-26ED01440436}.Debug|x86.ActiveCfg = Debug|Any CPU
		{25B2D48E-08CA-4B43-B585-26ED01440436}.Debug|x86.Build.0 = Debug|Any CPU
		{25B2D48E-08CA-4B43-B585-26ED01440436}.Release|Any CPU.ActiveCfg = Release|Any CPU
		{25B2D48E-08CA-4B43-B585-26ED01440436}.Release|Any CPU.Build.0 = Release|Any CPU
		{25B2D48E-08CA-4B43-B585-26ED01440436}.Release|ARM.ActiveCfg = Release|Any CPU
		{25B2D48E-08CA-4B43-B585-26ED01440436}.Release|ARM.Build.0 = Release|Any CPU
		{25B2D48E-08CA-4B43-B585-26ED01440436}.Release|iPhone.ActiveCfg = Release|Any CPU
		{25B2D48E-08CA-4B43-B585-26ED01440436}.Release|iPhone.Build.0 = Release|Any CPU
		{25B2D48E-08CA-4B43-B585-26ED01440436}.Release|iPhoneSimulator.ActiveCfg = Release|Any CPU
		{25B2D48E-08CA-4B43-B585-26ED01440436}.Release|iPhoneSimulator.Build.0 = Release|Any CPU
		{25B2D48E-08CA-4B43-B585-26ED01440436}.Release|x64.ActiveCfg = Release|Any CPU
		{25B2D48E-08CA-4B43-B585-26ED01440436}.Release|x64.Build.0 = Release|Any CPU
		{25B2D48E-08CA-4B43-B585-26ED01440436}.Release|x86.ActiveCfg = Release|Any CPU
		{25B2D48E-08CA-4B43-B585-26ED01440436}.Release|x86.Build.0 = Release|Any CPU
		{C24614C1-82A6-46B9-8E8F-1E5F1FDCD95D}.Ad-Hoc|Any CPU.ActiveCfg = Release|x64
		{C24614C1-82A6-46B9-8E8F-1E5F1FDCD95D}.Ad-Hoc|Any CPU.Build.0 = Release|x64
		{C24614C1-82A6-46B9-8E8F-1E5F1FDCD95D}.Ad-Hoc|Any CPU.Deploy.0 = Release|x64
		{C24614C1-82A6-46B9-8E8F-1E5F1FDCD95D}.Ad-Hoc|ARM.ActiveCfg = Release|ARM
		{C24614C1-82A6-46B9-8E8F-1E5F1FDCD95D}.Ad-Hoc|ARM.Build.0 = Release|ARM
		{C24614C1-82A6-46B9-8E8F-1E5F1FDCD95D}.Ad-Hoc|ARM.Deploy.0 = Release|ARM
		{C24614C1-82A6-46B9-8E8F-1E5F1FDCD95D}.Ad-Hoc|iPhone.ActiveCfg = Release|x64
		{C24614C1-82A6-46B9-8E8F-1E5F1FDCD95D}.Ad-Hoc|iPhone.Build.0 = Release|x64
		{C24614C1-82A6-46B9-8E8F-1E5F1FDCD95D}.Ad-Hoc|iPhone.Deploy.0 = Release|x64
		{C24614C1-82A6-46B9-8E8F-1E5F1FDCD95D}.Ad-Hoc|iPhoneSimulator.ActiveCfg = Release|x64
		{C24614C1-82A6-46B9-8E8F-1E5F1FDCD95D}.Ad-Hoc|iPhoneSimulator.Build.0 = Release|x64
		{C24614C1-82A6-46B9-8E8F-1E5F1FDCD95D}.Ad-Hoc|iPhoneSimulator.Deploy.0 = Release|x64
		{C24614C1-82A6-46B9-8E8F-1E5F1FDCD95D}.Ad-Hoc|x64.ActiveCfg = Release|x64
		{C24614C1-82A6-46B9-8E8F-1E5F1FDCD95D}.Ad-Hoc|x64.Build.0 = Release|x64
		{C24614C1-82A6-46B9-8E8F-1E5F1FDCD95D}.Ad-Hoc|x64.Deploy.0 = Release|x64
		{C24614C1-82A6-46B9-8E8F-1E5F1FDCD95D}.Ad-Hoc|x86.ActiveCfg = Release|x86
		{C24614C1-82A6-46B9-8E8F-1E5F1FDCD95D}.Ad-Hoc|x86.Build.0 = Release|x86
		{C24614C1-82A6-46B9-8E8F-1E5F1FDCD95D}.Ad-Hoc|x86.Deploy.0 = Release|x86
		{C24614C1-82A6-46B9-8E8F-1E5F1FDCD95D}.AppStore|Any CPU.ActiveCfg = Release|x64
		{C24614C1-82A6-46B9-8E8F-1E5F1FDCD95D}.AppStore|Any CPU.Build.0 = Release|x64
		{C24614C1-82A6-46B9-8E8F-1E5F1FDCD95D}.AppStore|Any CPU.Deploy.0 = Release|x64
		{C24614C1-82A6-46B9-8E8F-1E5F1FDCD95D}.AppStore|ARM.ActiveCfg = Release|ARM
		{C24614C1-82A6-46B9-8E8F-1E5F1FDCD95D}.AppStore|ARM.Build.0 = Release|ARM
		{C24614C1-82A6-46B9-8E8F-1E5F1FDCD95D}.AppStore|ARM.Deploy.0 = Release|ARM
		{C24614C1-82A6-46B9-8E8F-1E5F1FDCD95D}.AppStore|iPhone.ActiveCfg = Release|x64
		{C24614C1-82A6-46B9-8E8F-1E5F1FDCD95D}.AppStore|iPhone.Build.0 = Release|x64
		{C24614C1-82A6-46B9-8E8F-1E5F1FDCD95D}.AppStore|iPhone.Deploy.0 = Release|x64
		{C24614C1-82A6-46B9-8E8F-1E5F1FDCD95D}.AppStore|iPhoneSimulator.ActiveCfg = Release|x64
		{C24614C1-82A6-46B9-8E8F-1E5F1FDCD95D}.AppStore|iPhoneSimulator.Build.0 = Release|x64
		{C24614C1-82A6-46B9-8E8F-1E5F1FDCD95D}.AppStore|iPhoneSimulator.Deploy.0 = Release|x64
		{C24614C1-82A6-46B9-8E8F-1E5F1FDCD95D}.AppStore|x64.ActiveCfg = Release|x64
		{C24614C1-82A6-46B9-8E8F-1E5F1FDCD95D}.AppStore|x64.Build.0 = Release|x64
		{C24614C1-82A6-46B9-8E8F-1E5F1FDCD95D}.AppStore|x64.Deploy.0 = Release|x64
		{C24614C1-82A6-46B9-8E8F-1E5F1FDCD95D}.AppStore|x86.ActiveCfg = Release|x86
		{C24614C1-82A6-46B9-8E8F-1E5F1FDCD95D}.AppStore|x86.Build.0 = Release|x86
		{C24614C1-82A6-46B9-8E8F-1E5F1FDCD95D}.AppStore|x86.Deploy.0 = Release|x86
		{C24614C1-82A6-46B9-8E8F-1E5F1FDCD95D}.Debug|Any CPU.ActiveCfg = Debug|x86
		{C24614C1-82A6-46B9-8E8F-1E5F1FDCD95D}.Debug|Any CPU.Build.0 = Debug|x86
		{C24614C1-82A6-46B9-8E8F-1E5F1FDCD95D}.Debug|Any CPU.Deploy.0 = Debug|x86
		{C24614C1-82A6-46B9-8E8F-1E5F1FDCD95D}.Debug|ARM.ActiveCfg = Debug|ARM
		{C24614C1-82A6-46B9-8E8F-1E5F1FDCD95D}.Debug|ARM.Build.0 = Debug|ARM
		{C24614C1-82A6-46B9-8E8F-1E5F1FDCD95D}.Debug|iPhone.ActiveCfg = Debug|x86
		{C24614C1-82A6-46B9-8E8F-1E5F1FDCD95D}.Debug|iPhoneSimulator.ActiveCfg = Debug|x86
		{C24614C1-82A6-46B9-8E8F-1E5F1FDCD95D}.Debug|x64.ActiveCfg = Debug|x64
		{C24614C1-82A6-46B9-8E8F-1E5F1FDCD95D}.Debug|x64.Build.0 = Debug|x64
		{C24614C1-82A6-46B9-8E8F-1E5F1FDCD95D}.Debug|x64.Deploy.0 = Debug|x64
		{C24614C1-82A6-46B9-8E8F-1E5F1FDCD95D}.Debug|x86.ActiveCfg = Debug|x86
		{C24614C1-82A6-46B9-8E8F-1E5F1FDCD95D}.Debug|x86.Build.0 = Debug|x86
		{C24614C1-82A6-46B9-8E8F-1E5F1FDCD95D}.Debug|x86.Deploy.0 = Debug|x86
		{C24614C1-82A6-46B9-8E8F-1E5F1FDCD95D}.Release|Any CPU.ActiveCfg = Release|x86
		{C24614C1-82A6-46B9-8E8F-1E5F1FDCD95D}.Release|ARM.ActiveCfg = Release|ARM
		{C24614C1-82A6-46B9-8E8F-1E5F1FDCD95D}.Release|ARM.Build.0 = Release|ARM
		{C24614C1-82A6-46B9-8E8F-1E5F1FDCD95D}.Release|ARM.Deploy.0 = Release|ARM
		{C24614C1-82A6-46B9-8E8F-1E5F1FDCD95D}.Release|iPhone.ActiveCfg = Release|x86
		{C24614C1-82A6-46B9-8E8F-1E5F1FDCD95D}.Release|iPhoneSimulator.ActiveCfg = Release|x86
		{C24614C1-82A6-46B9-8E8F-1E5F1FDCD95D}.Release|x64.ActiveCfg = Release|x64
		{C24614C1-82A6-46B9-8E8F-1E5F1FDCD95D}.Release|x64.Build.0 = Release|x64
		{C24614C1-82A6-46B9-8E8F-1E5F1FDCD95D}.Release|x64.Deploy.0 = Release|x64
		{C24614C1-82A6-46B9-8E8F-1E5F1FDCD95D}.Release|x86.ActiveCfg = Release|x86
		{C24614C1-82A6-46B9-8E8F-1E5F1FDCD95D}.Release|x86.Build.0 = Release|x86
		{C24614C1-82A6-46B9-8E8F-1E5F1FDCD95D}.Release|x86.Deploy.0 = Release|x86
		{085E5F14-1293-4BEB-9A0B-6E7184FAFB63}.Ad-Hoc|Any CPU.ActiveCfg = Release|Any CPU
		{085E5F14-1293-4BEB-9A0B-6E7184FAFB63}.Ad-Hoc|Any CPU.Build.0 = Release|Any CPU
		{085E5F14-1293-4BEB-9A0B-6E7184FAFB63}.Ad-Hoc|Any CPU.Deploy.0 = Release|Any CPU
		{085E5F14-1293-4BEB-9A0B-6E7184FAFB63}.Ad-Hoc|ARM.ActiveCfg = Release|Any CPU
		{085E5F14-1293-4BEB-9A0B-6E7184FAFB63}.Ad-Hoc|ARM.Build.0 = Release|Any CPU
		{085E5F14-1293-4BEB-9A0B-6E7184FAFB63}.Ad-Hoc|ARM.Deploy.0 = Release|Any CPU
		{085E5F14-1293-4BEB-9A0B-6E7184FAFB63}.Ad-Hoc|iPhone.ActiveCfg = Release|Any CPU
		{085E5F14-1293-4BEB-9A0B-6E7184FAFB63}.Ad-Hoc|iPhone.Build.0 = Release|Any CPU
		{085E5F14-1293-4BEB-9A0B-6E7184FAFB63}.Ad-Hoc|iPhone.Deploy.0 = Release|Any CPU
		{085E5F14-1293-4BEB-9A0B-6E7184FAFB63}.Ad-Hoc|iPhoneSimulator.ActiveCfg = Release|Any CPU
		{085E5F14-1293-4BEB-9A0B-6E7184FAFB63}.Ad-Hoc|iPhoneSimulator.Build.0 = Release|Any CPU
		{085E5F14-1293-4BEB-9A0B-6E7184FAFB63}.Ad-Hoc|iPhoneSimulator.Deploy.0 = Release|Any CPU
		{085E5F14-1293-4BEB-9A0B-6E7184FAFB63}.Ad-Hoc|x64.ActiveCfg = Release|Any CPU
		{085E5F14-1293-4BEB-9A0B-6E7184FAFB63}.Ad-Hoc|x64.Build.0 = Release|Any CPU
		{085E5F14-1293-4BEB-9A0B-6E7184FAFB63}.Ad-Hoc|x64.Deploy.0 = Release|Any CPU
		{085E5F14-1293-4BEB-9A0B-6E7184FAFB63}.Ad-Hoc|x86.ActiveCfg = Release|Any CPU
		{085E5F14-1293-4BEB-9A0B-6E7184FAFB63}.Ad-Hoc|x86.Build.0 = Release|Any CPU
		{085E5F14-1293-4BEB-9A0B-6E7184FAFB63}.Ad-Hoc|x86.Deploy.0 = Release|Any CPU
		{085E5F14-1293-4BEB-9A0B-6E7184FAFB63}.AppStore|Any CPU.ActiveCfg = Release|Any CPU
		{085E5F14-1293-4BEB-9A0B-6E7184FAFB63}.AppStore|Any CPU.Build.0 = Release|Any CPU
		{085E5F14-1293-4BEB-9A0B-6E7184FAFB63}.AppStore|Any CPU.Deploy.0 = Release|Any CPU
		{085E5F14-1293-4BEB-9A0B-6E7184FAFB63}.AppStore|ARM.ActiveCfg = Release|Any CPU
		{085E5F14-1293-4BEB-9A0B-6E7184FAFB63}.AppStore|ARM.Build.0 = Release|Any CPU
		{085E5F14-1293-4BEB-9A0B-6E7184FAFB63}.AppStore|ARM.Deploy.0 = Release|Any CPU
		{085E5F14-1293-4BEB-9A0B-6E7184FAFB63}.AppStore|iPhone.ActiveCfg = Release|Any CPU
		{085E5F14-1293-4BEB-9A0B-6E7184FAFB63}.AppStore|iPhone.Build.0 = Release|Any CPU
		{085E5F14-1293-4BEB-9A0B-6E7184FAFB63}.AppStore|iPhone.Deploy.0 = Release|Any CPU
		{085E5F14-1293-4BEB-9A0B-6E7184FAFB63}.AppStore|iPhoneSimulator.ActiveCfg = Release|Any CPU
		{085E5F14-1293-4BEB-9A0B-6E7184FAFB63}.AppStore|iPhoneSimulator.Build.0 = Release|Any CPU
		{085E5F14-1293-4BEB-9A0B-6E7184FAFB63}.AppStore|iPhoneSimulator.Deploy.0 = Release|Any CPU
		{085E5F14-1293-4BEB-9A0B-6E7184FAFB63}.AppStore|x64.ActiveCfg = Release|Any CPU
		{085E5F14-1293-4BEB-9A0B-6E7184FAFB63}.AppStore|x64.Build.0 = Release|Any CPU
		{085E5F14-1293-4BEB-9A0B-6E7184FAFB63}.AppStore|x64.Deploy.0 = Release|Any CPU
		{085E5F14-1293-4BEB-9A0B-6E7184FAFB63}.AppStore|x86.ActiveCfg = Release|Any CPU
		{085E5F14-1293-4BEB-9A0B-6E7184FAFB63}.AppStore|x86.Build.0 = Release|Any CPU
		{085E5F14-1293-4BEB-9A0B-6E7184FAFB63}.AppStore|x86.Deploy.0 = Release|Any CPU
		{085E5F14-1293-4BEB-9A0B-6E7184FAFB63}.Debug|Any CPU.ActiveCfg = Debug|Any CPU
		{085E5F14-1293-4BEB-9A0B-6E7184FAFB63}.Debug|Any CPU.Build.0 = Debug|Any CPU
		{085E5F14-1293-4BEB-9A0B-6E7184FAFB63}.Debug|ARM.ActiveCfg = Debug|Any CPU
		{085E5F14-1293-4BEB-9A0B-6E7184FAFB63}.Debug|ARM.Build.0 = Debug|Any CPU
		{085E5F14-1293-4BEB-9A0B-6E7184FAFB63}.Debug|ARM.Deploy.0 = Debug|Any CPU
		{085E5F14-1293-4BEB-9A0B-6E7184FAFB63}.Debug|iPhone.ActiveCfg = Debug|Any CPU
		{085E5F14-1293-4BEB-9A0B-6E7184FAFB63}.Debug|iPhone.Build.0 = Debug|Any CPU
		{085E5F14-1293-4BEB-9A0B-6E7184FAFB63}.Debug|iPhone.Deploy.0 = Debug|Any CPU
		{085E5F14-1293-4BEB-9A0B-6E7184FAFB63}.Debug|iPhoneSimulator.ActiveCfg = Debug|Any CPU
		{085E5F14-1293-4BEB-9A0B-6E7184FAFB63}.Debug|iPhoneSimulator.Build.0 = Debug|Any CPU
		{085E5F14-1293-4BEB-9A0B-6E7184FAFB63}.Debug|iPhoneSimulator.Deploy.0 = Debug|Any CPU
		{085E5F14-1293-4BEB-9A0B-6E7184FAFB63}.Debug|x64.ActiveCfg = Debug|Any CPU
		{085E5F14-1293-4BEB-9A0B-6E7184FAFB63}.Debug|x64.Build.0 = Debug|Any CPU
		{085E5F14-1293-4BEB-9A0B-6E7184FAFB63}.Debug|x64.Deploy.0 = Debug|Any CPU
		{085E5F14-1293-4BEB-9A0B-6E7184FAFB63}.Debug|x86.ActiveCfg = Debug|Any CPU
		{085E5F14-1293-4BEB-9A0B-6E7184FAFB63}.Debug|x86.Build.0 = Debug|Any CPU
		{085E5F14-1293-4BEB-9A0B-6E7184FAFB63}.Debug|x86.Deploy.0 = Debug|Any CPU
		{085E5F14-1293-4BEB-9A0B-6E7184FAFB63}.Release|Any CPU.ActiveCfg = Release|Any CPU
		{085E5F14-1293-4BEB-9A0B-6E7184FAFB63}.Release|Any CPU.Build.0 = Release|Any CPU
		{085E5F14-1293-4BEB-9A0B-6E7184FAFB63}.Release|Any CPU.Deploy.0 = Release|Any CPU
		{085E5F14-1293-4BEB-9A0B-6E7184FAFB63}.Release|ARM.ActiveCfg = Release|Any CPU
		{085E5F14-1293-4BEB-9A0B-6E7184FAFB63}.Release|ARM.Build.0 = Release|Any CPU
		{085E5F14-1293-4BEB-9A0B-6E7184FAFB63}.Release|ARM.Deploy.0 = Release|Any CPU
		{085E5F14-1293-4BEB-9A0B-6E7184FAFB63}.Release|iPhone.ActiveCfg = Release|Any CPU
		{085E5F14-1293-4BEB-9A0B-6E7184FAFB63}.Release|iPhone.Build.0 = Release|Any CPU
		{085E5F14-1293-4BEB-9A0B-6E7184FAFB63}.Release|iPhone.Deploy.0 = Release|Any CPU
		{085E5F14-1293-4BEB-9A0B-6E7184FAFB63}.Release|iPhoneSimulator.ActiveCfg = Release|Any CPU
		{085E5F14-1293-4BEB-9A0B-6E7184FAFB63}.Release|iPhoneSimulator.Build.0 = Release|Any CPU
		{085E5F14-1293-4BEB-9A0B-6E7184FAFB63}.Release|iPhoneSimulator.Deploy.0 = Release|Any CPU
		{085E5F14-1293-4BEB-9A0B-6E7184FAFB63}.Release|x64.ActiveCfg = Release|Any CPU
		{085E5F14-1293-4BEB-9A0B-6E7184FAFB63}.Release|x64.Build.0 = Release|Any CPU
		{085E5F14-1293-4BEB-9A0B-6E7184FAFB63}.Release|x64.Deploy.0 = Release|Any CPU
		{085E5F14-1293-4BEB-9A0B-6E7184FAFB63}.Release|x86.ActiveCfg = Release|Any CPU
		{085E5F14-1293-4BEB-9A0B-6E7184FAFB63}.Release|x86.Build.0 = Release|Any CPU
		{085E5F14-1293-4BEB-9A0B-6E7184FAFB63}.Release|x86.Deploy.0 = Release|Any CPU
		{EA805BCB-19B9-4F04-A233-F00A7D3356C1}.Ad-Hoc|Any CPU.ActiveCfg = Ad-Hoc|iPhone
		{EA805BCB-19B9-4F04-A233-F00A7D3356C1}.Ad-Hoc|ARM.ActiveCfg = Ad-Hoc|iPhone
		{EA805BCB-19B9-4F04-A233-F00A7D3356C1}.Ad-Hoc|iPhone.ActiveCfg = Ad-Hoc|iPhone
		{EA805BCB-19B9-4F04-A233-F00A7D3356C1}.Ad-Hoc|iPhone.Build.0 = Ad-Hoc|iPhone
		{EA805BCB-19B9-4F04-A233-F00A7D3356C1}.Ad-Hoc|iPhoneSimulator.ActiveCfg = Ad-Hoc|iPhoneSimulator
		{EA805BCB-19B9-4F04-A233-F00A7D3356C1}.Ad-Hoc|iPhoneSimulator.Build.0 = Ad-Hoc|iPhoneSimulator
		{EA805BCB-19B9-4F04-A233-F00A7D3356C1}.Ad-Hoc|x64.ActiveCfg = Ad-Hoc|iPhone
		{EA805BCB-19B9-4F04-A233-F00A7D3356C1}.Ad-Hoc|x86.ActiveCfg = Ad-Hoc|iPhone
		{EA805BCB-19B9-4F04-A233-F00A7D3356C1}.AppStore|Any CPU.ActiveCfg = AppStore|iPhone
		{EA805BCB-19B9-4F04-A233-F00A7D3356C1}.AppStore|ARM.ActiveCfg = AppStore|iPhone
		{EA805BCB-19B9-4F04-A233-F00A7D3356C1}.AppStore|iPhone.ActiveCfg = AppStore|iPhone
		{EA805BCB-19B9-4F04-A233-F00A7D3356C1}.AppStore|iPhone.Build.0 = AppStore|iPhone
		{EA805BCB-19B9-4F04-A233-F00A7D3356C1}.AppStore|iPhoneSimulator.ActiveCfg = AppStore|iPhoneSimulator
		{EA805BCB-19B9-4F04-A233-F00A7D3356C1}.AppStore|iPhoneSimulator.Build.0 = AppStore|iPhoneSimulator
		{EA805BCB-19B9-4F04-A233-F00A7D3356C1}.AppStore|x64.ActiveCfg = AppStore|iPhone
		{EA805BCB-19B9-4F04-A233-F00A7D3356C1}.AppStore|x86.ActiveCfg = AppStore|iPhone
		{EA805BCB-19B9-4F04-A233-F00A7D3356C1}.Debug|Any CPU.ActiveCfg = Debug|iPhone
		{EA805BCB-19B9-4F04-A233-F00A7D3356C1}.Debug|ARM.ActiveCfg = Debug|iPhone
		{EA805BCB-19B9-4F04-A233-F00A7D3356C1}.Debug|iPhone.ActiveCfg = Debug|iPhone
		{EA805BCB-19B9-4F04-A233-F00A7D3356C1}.Debug|iPhone.Build.0 = Debug|iPhone
		{EA805BCB-19B9-4F04-A233-F00A7D3356C1}.Debug|iPhoneSimulator.ActiveCfg = Debug|iPhoneSimulator
		{EA805BCB-19B9-4F04-A233-F00A7D3356C1}.Debug|iPhoneSimulator.Build.0 = Debug|iPhoneSimulator
		{EA805BCB-19B9-4F04-A233-F00A7D3356C1}.Debug|x64.ActiveCfg = Debug|iPhone
		{EA805BCB-19B9-4F04-A233-F00A7D3356C1}.Debug|x86.ActiveCfg = Debug|iPhone
		{EA805BCB-19B9-4F04-A233-F00A7D3356C1}.Release|Any CPU.ActiveCfg = Release|iPhone
		{EA805BCB-19B9-4F04-A233-F00A7D3356C1}.Release|ARM.ActiveCfg = Release|iPhone
		{EA805BCB-19B9-4F04-A233-F00A7D3356C1}.Release|iPhone.ActiveCfg = Release|iPhone
		{EA805BCB-19B9-4F04-A233-F00A7D3356C1}.Release|iPhone.Build.0 = Release|iPhone
		{EA805BCB-19B9-4F04-A233-F00A7D3356C1}.Release|iPhoneSimulator.ActiveCfg = Release|iPhoneSimulator
		{EA805BCB-19B9-4F04-A233-F00A7D3356C1}.Release|iPhoneSimulator.Build.0 = Release|iPhoneSimulator
		{EA805BCB-19B9-4F04-A233-F00A7D3356C1}.Release|x64.ActiveCfg = Release|iPhone
		{EA805BCB-19B9-4F04-A233-F00A7D3356C1}.Release|x86.ActiveCfg = Release|iPhone
	EndGlobalSection
	GlobalSection(SolutionProperties) = preSolution
		HideSolutionNode = FALSE
	EndGlobalSection
EndGlobal
